
Microsoft Visual Studio Solution File, Format Version 12.00
# Visual Studio Version 16
VisualStudioVersion = 16.0.30804.86
MinimumVisualStudioVersion = 10.0.40219.1
Project("{FAE04EC0-301F-11D3-BF4B-00C04F79EFBC}") = "Battleships.Data", "Battleships.Data\Battleships.Data.csproj", "{2650C795-76F5-4D93-BADB-F0648749F258}"
EndProject
Project("{FAE04EC0-301F-11D3-BF4B-00C04F79EFBC}") = "Battleships.Business", "Battleships.Business\Battleships.Business.csproj", "{5F7EB35F-694C-4EA4-821F-8191A98248F5}"
EndProject
Project("{FAE04EC0-301F-11D3-BF4B-00C04F79EFBC}") = "Battleships.Presentation", "Battleships.Presentation\Battleships.Presentation.csproj", "{1E6702BE-A153-452B-BAB7-1ED0E50157DC}"
EndProject
Global
	GlobalSection(SolutionConfigurationPlatforms) = preSolution
		Debug|Any CPU = Debug|Any CPU
		Release|Any CPU = Release|Any CPU
	EndGlobalSection
	GlobalSection(ProjectConfigurationPlatforms) = postSolution
		{2650C795-76F5-4D93-BADB-F0648749F258}.Debug|Any CPU.ActiveCfg = Debug|Any CPU
		{2650C795-76F5-4D93-BADB-F0648749F258}.Debug|Any CPU.Build.0 = Debug|Any CPU
		{2650C795-76F5-4D93-BADB-F0648749F258}.Release|Any CPU.ActiveCfg = Release|Any CPU
		{2650C795-76F5-4D93-BADB-F0648749F258}.Release|Any CPU.Build.0 = Release|Any CPU
		{5F7EB35F-694C-4EA4-821F-8191A98248F5}.Debug|Any CPU.ActiveCfg = Debug|Any CPU
		{5F7EB35F-694C-4EA4-821F-8191A98248F5}.Debug|Any CPU.Build.0 = Debug|Any CPU
		{5F7EB35F-694C-4EA4-821F-8191A98248F5}.Release|Any CPU.ActiveCfg = Release|Any CPU
		{5F7EB35F-694C-4EA4-821F-8191A98248F5}.Release|Any CPU.Build.0 = Release|Any CPU
		{1E6702BE-A153-452B-BAB7-1ED0E50157DC}.Debug|Any CPU.ActiveCfg = Debug|Any CPU
		{1E6702BE-A153-452B-BAB7-1ED0E50157DC}.Debug|Any CPU.Build.0 = Debug|Any CPU
		{1E6702BE-A153-452B-BAB7-1ED0E50157DC}.Release|Any CPU.ActiveCfg = Release|Any CPU
		{1E6702BE-A153-452B-BAB7-1ED0E50157DC}.Release|Any CPU.Build.0 = Release|Any CPU
	EndGlobalSection
	GlobalSection(SolutionProperties) = preSolution
		HideSolutionNode = FALSE
	EndGlobalSection
	GlobalSection(ExtensibilityGlobals) = postSolution
		SolutionGuid = {4B2A9B67-6C6D-4682-BC73-DA49D12D0E29}
	EndGlobalSection
EndGlobal
